
Microsoft Visual Studio Solution File, Format Version 12.00
# Visual Studio 15
VisualStudioVersion = 15.0.27130.0
MinimumVisualStudioVersion = 10.0.40219.1
Project("{8BC9CEB8-8B4A-11D0-8D11-00A0C91BC942}") = "TestingGravity", "TestingGravity\TestingGravity.vcxproj", "{289EB7AC-309D-4A6F-8F80-9E4740EE2A7E}"
EndProject
Global
	GlobalSection(SolutionConfigurationPlatforms) = preSolution
		Debug|x64 = Debug|x64
		Debug|x86 = Debug|x86
		Release|x64 = Release|x64
		Release|x86 = Release|x86
	EndGlobalSection
	GlobalSection(ProjectConfigurationPlatforms) = postSolution
		{289EB7AC-309D-4A6F-8F80-9E4740EE2A7E}.Debug|x64.ActiveCfg = Debug|x64
		{289EB7AC-309D-4A6F-8F80-9E4740EE2A7E}.Debug|x64.Build.0 = Debug|x64
		{289EB7AC-309D-4A6F-8F80-9E4740EE2A7E}.Debug|x86.ActiveCfg = Debug|Win32
		{289EB7AC-309D-4A6F-8F80-9E4740EE2A7E}.Debug|x86.Build.0 = Debug|Win32
		{289EB7AC-309D-4A6F-8F80-9E4740EE2A7E}.Release|x64.ActiveCfg = Release|x64
		{289EB7AC-309D-4A6F-8F80-9E4740EE2A7E}.Release|x64.Build.0 = Release|x64
		{289EB7AC-309D-4A6F-8F80-9E4740EE2A7E}.Release|x86.ActiveCfg = Release|Win32
		{289EB7AC-309D-4A6F-8F80-9E4740EE2A7E}.Release|x86.Build.0 = Release|Win32
	EndGlobalSection
	GlobalSection(SolutionProperties) = preSolution
		HideSolutionNode = FALSE
	EndGlobalSection
	GlobalSection(ExtensibilityGlobals) = postSolution
		SolutionGuid = {1E95ABF1-51B7-4221-839D-34FE6F81DEEB}
	EndGlobalSection
EndGlobal
